PODS:
  - Alamofire (5.8.1)
  - ReachabilitySwift (5.0.0)

DEPENDENCIES:
  - Alamofire
  - ReachabilitySwift

SPEC REPOS:
  trunk:
    - Alamofire
    - ReachabilitySwift

SPEC CHECKSUMS:
  Alamofire: 3ca42e259043ee0dc5c0cdd76c4bc568b8e42af7
  ReachabilitySwift: 985039c6f7b23a1da463388634119492ff86c825

PODFILE CHECKSUM: 771582c961f1f01eb3b4a707a3f3ff059be6ebe9

COCOAPODS: 1.12.1
